{
  "requires": true,
  "lockfileVersion": 1,
  "dependencies": {
    "@types/google.fonts": {
      "version": "1.0.2",
      "resolved": "https://registry.npmjs.org/@types/google.fonts/-/google.fonts-1.0.2.tgz",
      "integrity": "sha512-V1bkKifXl7wN8Jrmsyh+nALf311P0jFUGVZ4tEGqSdwpIx9o2E6u4mJyeSpNC/e/7spH0GzMhElIcQWBQC0HRg=="
    }
  }
}
